{
  "nodes": {
    "nixpkgs": {
      "locked": {
        "lastModified": 1729449015,
        "narHash": "sha256-Gf04dXB0n4q0A9G5nTGH3zuMGr6jtJppqdeljxua1fo=",
        "owner": "NixOS",
        "repo": "nixpkgs",
        "rev": "89172919243df199fe237ba0f776c3e3e3d72367",
        "type": "github"
      },
      "original": {
        "owner": "NixOS",
        "ref": "nixos-24.05",
        "repo": "nixpkgs",
        "type": "github"
      }
    },
    "root": {
      "inputs": {
        "nixpkgs": "nixpkgs",
        "unstable": "unstable"
      }
    },
    "unstable": {
      "locked": {
        "lastModified": 1729658218,
        "narHash": "sha256-9Rg+AqLqvqqJniP/OQB3GtgXoAd8IlazsHp97va042Y=",
        "owner": "NixOS",
        "repo": "nixpkgs",
        "rev": "dfffb2e7a52d29a0ef8e21ec8a0f30487b227f1a",
        "type": "github"
      },
      "original": {
        "owner": "NixOS",
        "ref": "nixpkgs-unstable",
        "repo": "nixpkgs",
        "type": "github"
      }
    }
  },
  "root": "root",
  "version": 7
}
